// !$*UTF8*$!
{
	archiveVersion = 1;
	classes = {
	};
	objectVersion = 50;
	objects = {

/* Begin PBXBuildFile section */
		E016F23B25DFAEFF0013F651 /* AVAsset+Generate.swift in Sources */ = {isa = PBXBuildFile; fileRef = E016F23A25DFAEFF0013F651 /* AVAsset+Generate.swift */; };
		E01F750A25DFC5A000688AF7 /* TestBt.swift in Sources */ = {isa = PBXBuildFile; fileRef = E01F750925DFC5A000688AF7 /* TestBt.swift */; };
		E02E008425DF6C22006C684C /* TrackPreviewView.swift in Sources */ = {isa = PBXBuildFile; fileRef = E02E008325DF6C22006C684C /* TrackPreviewView.swift */; };
		E02E008825DF756B006C684C /* TrackView.swift in Sources */ = {isa = PBXBuildFile; fileRef = E02E008725DF756B006C684C /* TrackView.swift */; };
		E039970025E4979D007E6D5D /* Track.swift in Sources */ = {isa = PBXBuildFile; fileRef = E03996FF25E4979D007E6D5D /* Track.swift */; };
		E0470D4825E0B5BA0063D83E /* CenterIndicatorView.swift in Sources */ = {isa = PBXBuildFile; fileRef = E0470D4725E0B5B90063D83E /* CenterIndicatorView.swift */; };
		E0470D4B25E0C5910063D83E /* UIImage+ConvertVideo.swift in Sources */ = {isa = PBXBuildFile; fileRef = E0470D4A25E0C5910063D83E /* UIImage+ConvertVideo.swift */; };
		E06806AC25E398E8004AF469 /* insert.MOV in Resources */ = {isa = PBXBuildFile; fileRef = E06806AB25E398E8004AF469 /* insert.MOV */; };
		E0D64BBD25DF5ACC000196CA /* AppDelegate.swift in Sources */ = {isa = PBXBuildFile; fileRef = E0D64BBC25DF5ACC000196CA /* AppDelegate.swift */; };
		E0D64BC425DF5ACC000196CA /* Main.storyboard in Resources */ = {isa = PBXBuildFile; fileRef = E0D64BC225DF5ACC000196CA /* Main.storyboard */; };
		E0D64BC625DF5ACE000196CA /* Assets.xcassets in Resources */ = {isa = PBXBuildFile; fileRef = E0D64BC525DF5ACE000196CA /* Assets.xcassets */; };
		E0D64BC925DF5ACE000196CA /* LaunchScreen.storyboard in Resources */ = {isa = PBXBuildFile; fileRef = E0D64BC725DF5ACE000196CA /* LaunchScreen.storyboard */; };
		E0D64BD525DF5B53000196CA /* HomeViewController.swift in Sources */ = {isa = PBXBuildFile; fileRef = E0D64BD425DF5B53000196CA /* HomeViewController.swift */; };
		E0D64BD825DF5BD4000196CA /* EditorManager.swift in Sources */ = {isa = PBXBuildFile; fileRef = E0D64BD725DF5BD4000196CA /* EditorManager.swift */; };
		E0D64BDB25DF618D000196CA /* EditorViewController.swift in Sources */ = {isa = PBXBuildFile; fileRef = E0D64BDA25DF618D000196CA /* EditorViewController.swift */; };
		E0D64BDE25DF63F4000196CA /* source.mp4 in Resources */ = {isa = PBXBuildFile; fileRef = E0D64BDD25DF63F4000196CA /* source.mp4 */; };
		E0D64BE325DF671D000196CA /* Storyboard+Instance.swift in Sources */ = {isa = PBXBuildFile; fileRef = E0D64BE225DF671D000196CA /* Storyboard+Instance.swift */; };
/* End PBXBuildFile section */

/* Begin PBXFileReference section */
		E016F23A25DFAEFF0013F651 /* AVAsset+Generate.swift */ = {isa = PBXFileReference; lastKnownFileType = sourcecode.swift; path = "AVAsset+Generate.swift"; sourceTree = "<group>"; };
		E01F750925DFC5A000688AF7 /* TestBt.swift */ = {isa = PBXFileReference; lastKnownFileType = sourcecode.swift; path = TestBt.swift; sourceTree = "<group>"; };
		E02E008325DF6C22006C684C /* TrackPreviewView.swift */ = {isa = PBXFileReference; lastKnownFileType = sourcecode.swift; path = TrackPreviewView.swift; sourceTree = "<group>"; };
		E02E008725DF756B006C684C /* TrackView.swift */ = {isa = PBXFileReference; lastKnownFileType = sourcecode.swift; path = TrackView.swift; sourceTree = "<group>"; };
		E03996FF25E4979D007E6D5D /* Track.swift */ = {isa = PBXFileReference; lastKnownFileType = sourcecode.swift; path = Track.swift; sourceTree = "<group>"; };
		E0470D4725E0B5B90063D83E /* CenterIndicatorView.swift */ = {isa = PBXFileReference; lastKnownFileType = sourcecode.swift; path = CenterIndicatorView.swift; sourceTree = "<group>"; };
		E0470D4A25E0C5910063D83E /* UIImage+ConvertVideo.swift */ = {isa = PBXFileReference; lastKnownFileType = sourcecode.swift; path = "UIImage+ConvertVideo.swift"; sourceTree = "<group>"; };
		E06806AB25E398E8004AF469 /* insert.MOV */ = {isa = PBXFileReference; lastKnownFileType = video.quicktime; path = insert.MOV; sourceTree = "<group>"; };
		E0D64BB925DF5ACC000196CA /* JYVideoEditor.app */ = {isa = PBXFileReference; explicitFileType = wrapper.application; includeInIndex = 0; path = JYVideoEditor.app; sourceTree = BUILT_PRODUCTS_DIR; };
		E0D64BBC25DF5ACC000196CA /* AppDelegate.swift */ = {isa = PBXFileReference; lastKnownFileType = sourcecode.swift; path = AppDelegate.swift; sourceTree = "<group>"; };
		E0D64BC325DF5ACC000196CA /* Base */ = {isa = PBXFileReference; lastKnownFileType = file.storyboard; name = Base; path = Base.lproj/Main.storyboard; sourceTree = "<group>"; };
		E0D64BC525DF5ACE000196CA /* Assets.xcassets */ = {isa = PBXFileReference; lastKnownFileType = folder.assetcatalog; path = Assets.xcassets; sourceTree = "<group>"; };
		E0D64BC825DF5ACE000196CA /* Base */ = {isa = PBXFileReference; lastKnownFileType = file.storyboard; name = Base; path = Base.lproj/LaunchScreen.storyboard; sourceTree = "<group>"; };
		E0D64BCA25DF5ACE000196CA /* Info.plist */ = {isa = PBXFileReference; lastKnownFileType = text.plist.xml; path = Info.plist; sourceTree = "<group>"; };
		E0D64BD425DF5B53000196CA /* HomeViewController.swift */ = {isa = PBXFileReference; lastKnownFileType = sourcecode.swift; path = HomeViewController.swift; sourceTree = "<group>"; };
		E0D64BD725DF5BD4000196CA /* EditorManager.swift */ = {isa = PBXFileReference; lastKnownFileType = sourcecode.swift; path = EditorManager.swift; sourceTree = "<group>"; };
		E0D64BDA25DF618D000196CA /* EditorViewController.swift */ = {isa = PBXFileReference; lastKnownFileType = sourcecode.swift; path = EditorViewController.swift; sourceTree = "<group>"; };
		E0D64BDD25DF63F4000196CA /* source.mp4 */ = {isa = PBXFileReference; lastKnownFileType = file; path = source.mp4; sourceTree = "<group>"; };
		E0D64BE225DF671D000196CA /* Storyboard+Instance.swift */ = {isa = PBXFileReference; lastKnownFileType = sourcecode.swift; path = "Storyboard+Instance.swift"; sourceTree = "<group>"; };
/* End PBXFileReference section */

/* Begin PBXFrameworksBuildPhase section */
		E0D64BB625DF5ACC000196CA /* Frameworks */ = {
			isa = PBXFrameworksBuildPhase;
			buildActionMask = 2147483647;
			files = (
			);
			runOnlyForDeploymentPostprocessing = 0;
		};
/* End PBXFrameworksBuildPhase section */

/* Begin PBXGroup section */
		E02E007F25DF6B77006C684C /* Extension */ = {
			isa = PBXGroup;
			children = (
				E0D64BE225DF671D000196CA /* Storyboard+Instance.swift */,
				E016F23A25DFAEFF0013F651 /* AVAsset+Generate.swift */,
				E0470D4A25E0C5910063D83E /* UIImage+ConvertVideo.swift */,
			);
			path = Extension;
			sourceTree = "<group>";
		};
		E02E008125DF6B7F006C684C /* Editor */ = {
			isa = PBXGroup;
			children = (
				E0D64BD725DF5BD4000196CA /* EditorManager.swift */,
				E02E008A25DF7570006C684C /* UI */,
				E03996FF25E4979D007E6D5D /* Track.swift */,
			);
			path = Editor;
			sourceTree = "<group>";
		};
		E02E008A25DF7570006C684C /* UI */ = {
			isa = PBXGroup;
			children = (
				E02E008325DF6C22006C684C /* TrackPreviewView.swift */,
				E02E008725DF756B006C684C /* TrackView.swift */,
				E0470D4725E0B5B90063D83E /* CenterIndicatorView.swift */,
			);
			path = UI;
			sourceTree = "<group>";
		};
		E0D64BB025DF5ACC000196CA = {
			isa = PBXGroup;
			children = (
				E0D64BBB25DF5ACC000196CA /* JYVideoEditor */,
				E0D64BBA25DF5ACC000196CA /* Products */,
			);
			sourceTree = "<group>";
		};
		E0D64BBA25DF5ACC000196CA /* Products */ = {
			isa = PBXGroup;
			children = (
				E0D64BB925DF5ACC000196CA /* JYVideoEditor.app */,
			);
			name = Products;
			sourceTree = "<group>";
		};
		E0D64BBB25DF5ACC000196CA /* JYVideoEditor */ = {
			isa = PBXGroup;
			children = (
				E0D64BBC25DF5ACC000196CA /* AppDelegate.swift */,
				E01F750925DFC5A000688AF7 /* TestBt.swift */,
				E0D64BD425DF5B53000196CA /* HomeViewController.swift */,
				E0D64BDA25DF618D000196CA /* EditorViewController.swift */,
				E02E008125DF6B7F006C684C /* Editor */,
				E02E007F25DF6B77006C684C /* Extension */,
				E0D64BE025DF63FC000196CA /* Resource */,
				E0D64BC225DF5ACC000196CA /* Main.storyboard */,
				E0D64BC525DF5ACE000196CA /* Assets.xcassets */,
				E0D64BC725DF5ACE000196CA /* LaunchScreen.storyboard */,
				E0D64BCA25DF5ACE000196CA /* Info.plist */,
			);
			path = JYVideoEditor;
			sourceTree = "<group>";
		};
		E0D64BE025DF63FC000196CA /* Resource */ = {
			isa = PBXGroup;
			children = (
				E06806AB25E398E8004AF469 /* insert.MOV */,
				E0D64BDD25DF63F4000196CA /* source.mp4 */,
			);
			path = Resource;
			sourceTree = "<group>";
		};
/* End PBXGroup section */

/* Begin PBXNativeTarget section */
		E0D64BB825DF5ACC000196CA /* JYVideoEditor */ = {
			isa = PBXNativeTarget;
			buildConfigurationList = E0D64BCD25DF5ACE000196CA /* Build configuration list for PBXNativeTarget "JYVideoEditor" */;
			buildPhases = (
				E0D64BB525DF5ACC000196CA /* Sources */,
				E0D64BB625DF5ACC000196CA /* Frameworks */,
				E0D64BB725DF5ACC000196CA /* Resources */,
			);
			buildRules = (
			);
			dependencies = (
			);
			name = JYVideoEditor;
			productName = JYVideoEditor;
			productReference = E0D64BB925DF5ACC000196CA /* JYVideoEditor.app */;
			productType = "com.apple.product-type.application";
		};
/* End PBXNativeTarget section */

/* Begin PBXProject section */
		E0D64BB125DF5ACC000196CA /* Project object */ = {
			isa = PBXProject;
			attributes = {
				LastSwiftUpdateCheck = 1240;
				LastUpgradeCheck = 1240;
				TargetAttributes = {
					E0D64BB825DF5ACC000196CA = {
						CreatedOnToolsVersion = 12.4;
					};
				};
			};
			buildConfigurationList = E0D64BB425DF5ACC000196CA /* Build configuration list for PBXProject "JYVideoEditor" */;
			compatibilityVersion = "Xcode 9.3";
			developmentRegion = en;
			hasScannedForEncodings = 0;
			knownRegions = (
				en,
				Base,
			);
			mainGroup = E0D64BB025DF5ACC000196CA;
			productRefGroup = E0D64BBA25DF5ACC000196CA /* Products */;
			projectDirPath = "";
			projectRoot = "";
			targets = (
				E0D64BB825DF5ACC000196CA /* JYVideoEditor */,
			);
		};
/* End PBXProject section */

/* Begin PBXResourcesBuildPhase section */
		E0D64BB725DF5ACC000196CA /* Resources */ = {
			isa = PBXResourcesBuildPhase;
			buildActionMask = 2147483647;
			files = (
				E0D64BC925DF5ACE000196CA /* LaunchScreen.storyboard in Resources */,
				E0D64BDE25DF63F4000196CA /* source.mp4 in Resources */,
				E0D64BC625DF5ACE000196CA /* Assets.xcassets in Resources */,
				E06806AC25E398E8004AF469 /* insert.MOV in Resources */,
				E0D64BC425DF5ACC000196CA /* Main.storyboard in Resources */,
			);
			runOnlyForDeploymentPostprocessing = 0;
		};
/* End PBXResourcesBuildPhase section */

/* Begin PBXSourcesBuildPhase section */
		E0D64BB525DF5ACC000196CA /* Sources */ = {
			isa = PBXSourcesBuildPhase;
			buildActionMask = 2147483647;
			files = (
				E0D64BBD25DF5ACC000196CA /* AppDelegate.swift in Sources */,
				E0D64BD825DF5BD4000196CA /* EditorManager.swift in Sources */,
				E02E008825DF756B006C684C /* TrackView.swift in Sources */,
				E0D64BD525DF5B53000196CA /* HomeViewController.swift in Sources */,
				E0D64BE325DF671D000196CA /* Storyboard+Instance.swift in Sources */,
				E02E008425DF6C22006C684C /* TrackPreviewView.swift in Sources */,
				E0470D4B25E0C5910063D83E /* UIImage+ConvertVideo.swift in Sources */,
				E01F750A25DFC5A000688AF7 /* TestBt.swift in Sources */,
				E0470D4825E0B5BA0063D83E /* CenterIndicatorView.swift in Sources */,
				E039970025E4979D007E6D5D /* Track.swift in Sources */,
				E016F23B25DFAEFF0013F651 /* AVAsset+Generate.swift in Sources */,
				E0D64BDB25DF618D000196CA /* EditorViewController.swift in Sources */,
			);
			runOnlyForDeploymentPostprocessing = 0;
		};
/* End PBXSourcesBuildPhase section */

/* Begin PBXVariantGroup section */
		E0D64BC225DF5ACC000196CA /* Main.storyboard */ = {
			isa = PBXVariantGroup;
			children = (
				E0D64BC325DF5ACC000196CA /* Base */,
			);
			name = Main.storyboard;
			sourceTree = "<group>";
		};
		E0D64BC725DF5ACE000196CA /* LaunchScreen.storyboard */ = {
			isa = PBXVariantGroup;
			children = (
				E0D64BC825DF5ACE000196CA /* Base */,
			);
			name = LaunchScreen.storyboard;
			sourceTree = "<group>";
		};
/* End PBXVariantGroup section */

/* Begin XCBuildConfiguration section */
		E0D64BCB25DF5ACE000196CA /* Debug */ = {
			isa = XCBuildConfiguration;
			buildSettings = {
				ALWAYS_SEARCH_USER_PATHS = NO;
				CLANG_ANALYZER_NONNULL = YES;
				CLANG_ANALYZER_NUMBER_OBJECT_CONVERSION = YES_AGGRESSIVE;
				CLANG_CXX_LANGUAGE_STANDARD = "gnu++14";
				CLANG_CXX_LIBRARY = "libc++";
				CLANG_ENABLE_MODULES = YES;
				CLANG_ENABLE_OBJC_ARC = YES;
				CLANG_ENABLE_OBJC_WEAK = YES;
				CLANG_WARN_BLOCK_CAPTURE_AUTORELEASING = YES;
				CLANG_WARN_BOOL_CONVERSION = YES;
				CLANG_WARN_COMMA = YES;
				CLANG_WARN_CONSTANT_CONVERSION = YES;
				CLANG_WARN_DEPRECATED_OBJC_IMPLEMENTATIONS = YES;
				CLANG_WARN_DIRECT_OBJC_ISA_USAGE = YES_ERROR;
				CLANG_WARN_DOCUMENTATION_COMMENTS = YES;
				CLANG_WARN_EMPTY_BODY = YES;
				CLANG_WARN_ENUM_CONVERSION = YES;
				CLANG_WARN_INFINITE_RECURSION = YES;
				CLANG_WARN_INT_CONVERSION = YES;
				CLANG_WARN_NON_LITERAL_NULL_CONVERSION = YES;
				CLANG_WARN_OBJC_IMPLICIT_RETAIN_SELF = YES;
				CLANG_WARN_OBJC_LITERAL_CONVERSION = YES;
				CLANG_WARN_OBJC_ROOT_CLASS = YES_ERROR;
				CLANG_WARN_QUOTED_INCLUDE_IN_FRAMEWORK_HEADER = YES;
				CLANG_WARN_RANGE_LOOP_ANALYSIS = YES;
				CLANG_WARN_STRICT_PROTOTYPES = YES;
				CLANG_WARN_SUSPICIOUS_MOVE = YES;
				CLANG_WARN_UNGUARDED_AVAILABILITY = YES_AGGRESSIVE;
				CLANG_WARN_UNREACHABLE_CODE = YES;
				CLANG_WARN__DUPLICATE_METHOD_MATCH = YES;
				COPY_PHASE_STRIP = NO;
				DEBUG_INFORMATION_FORMAT = dwarf;
				ENABLE_STRICT_OBJC_MSGSEND = YES;
				ENABLE_TESTABILITY = YES;
				GCC_C_LANGUAGE_STANDARD = gnu11;
				GCC_DYNAMIC_NO_PIC = NO;
				GCC_NO_COMMON_BLOCKS = YES;
				GCC_OPTIMIZATION_LEVEL = 0;
				GCC_PREPROCESSOR_DEFINITIONS = (
					"DEBUG=1",
					"$(inherited)",
				);
				GCC_WARN_64_TO_32_BIT_CONVERSION = YES;
				GCC_WARN_ABOUT_RETURN_TYPE = YES_ERROR;
				GCC_WARN_UNDECLARED_SELECTOR = YES;
				GCC_WARN_UNINITIALIZED_AUTOS = YES_AGGRESSIVE;
				GCC_WARN_UNUSED_FUNCTION = YES;
				GCC_WARN_UNUSED_VARIABLE = YES;
				IPHONEOS_DEPLOYMENT_TARGET = 14.4;
				MTL_ENABLE_DEBUG_INFO = INCLUDE_SOURCE;
				MTL_FAST_MATH = YES;
				ONLY_ACTIVE_ARCH = YES;
				SDKROOT = iphoneos;
				SWIFT_ACTIVE_COMPILATION_CONDITIONS = DEBUG;
				SWIFT_OPTIMIZATION_LEVEL = "-Onone";
			};
			name = Debug;
		};
		E0D64BCC25DF5ACE000196CA /* Release */ = {
			isa = XCBuildConfiguration;
			buildSettings = {
				ALWAYS_SEARCH_USER_PATHS = NO;
				CLANG_ANALYZER_NONNULL = YES;
				CLANG_ANALYZER_NUMBER_OBJECT_CONVERSION = YES_AGGRESSIVE;
				CLANG_CXX_LANGUAGE_STANDARD = "gnu++14";
				CLANG_CXX_LIBRARY = "libc++";
				CLANG_ENABLE_MODULES = YES;
				CLANG_ENABLE_OBJC_ARC = YES;
				CLANG_ENABLE_OBJC_WEAK = YES;
				CLANG_WARN_BLOCK_CAPTURE_AUTORELEASING = YES;
				CLANG_WARN_BOOL_CONVERSION = YES;
				CLANG_WARN_COMMA = YES;
				CLANG_WARN_CONSTANT_CONVERSION = YES;
				CLANG_WARN_DEPRECATED_OBJC_IMPLEMENTATIONS = YES;
				CLANG_WARN_DIRECT_OBJC_ISA_USAGE = YES_ERROR;
				CLANG_WARN_DOCUMENTATION_COMMENTS = YES;
				CLANG_WARN_EMPTY_BODY = YES;
				CLANG_WARN_ENUM_CONVERSION = YES;
				CLANG_WARN_INFINITE_RECURSION = YES;
				CLANG_WARN_INT_CONVERSION = YES;
				CLANG_WARN_NON_LITERAL_NULL_CONVERSION = YES;
				CLANG_WARN_OBJC_IMPLICIT_RETAIN_SELF = YES;
				CLANG_WARN_OBJC_LITERAL_CONVERSION = YES;
				CLANG_WARN_OBJC_ROOT_CLASS = YES_ERROR;
				CLANG_WARN_QUOTED_INCLUDE_IN_FRAMEWORK_HEADER = YES;
				CLANG_WARN_RANGE_LOOP_ANALYSIS = YES;
				CLANG_WARN_STRICT_PROTOTYPES = YES;
				CLANG_WARN_SUSPICIOUS_MOVE = YES;
				CLANG_WARN_UNGUARDED_AVAILABILITY = YES_AGGRESSIVE;
				CLANG_WARN_UNREACHABLE_CODE = YES;
				CLANG_WARN__DUPLICATE_METHOD_MATCH = YES;
				COPY_PHASE_STRIP = NO;
				DEBUG_INFORMATION_FORMAT = "dwarf-with-dsym";
				ENABLE_NS_ASSERTIONS = NO;
				ENABLE_STRICT_OBJC_MSGSEND = YES;
				GCC_C_LANGUAGE_STANDARD = gnu11;
				GCC_NO_COMMON_BLOCKS = YES;
				GCC_WARN_64_TO_32_BIT_CONVERSION = YES;
				GCC_WARN_ABOUT_RETURN_TYPE = YES_ERROR;
				GCC_WARN_UNDECLARED_SELECTOR = YES;
				GCC_WARN_UNINITIALIZED_AUTOS = YES_AGGRESSIVE;
				GCC_WARN_UNUSED_FUNCTION = YES;
				GCC_WARN_UNUSED_VARIABLE = YES;
				IPHONEOS_DEPLOYMENT_TARGET = 14.4;
				MTL_ENABLE_DEBUG_INFO = NO;
				MTL_FAST_MATH = YES;
				SDKROOT = iphoneos;
				SWIFT_COMPILATION_MODE = wholemodule;
				SWIFT_OPTIMIZATION_LEVEL = "-O";
				VALIDATE_PRODUCT = YES;
			};
			name = Release;
		};
		E0D64BCE25DF5ACE000196CA /* Debug */ = {
			isa = XCBuildConfiguration;
			buildSettings = {
				ASSETCATALOG_COMPILER_APPICON_NAME = AppIcon;
				ASSETCATALOG_COMPILER_GLOBAL_ACCENT_COLOR_NAME = AccentColor;
				CODE_SIGN_STYLE = Automatic;
				DEVELOPMENT_TEAM = AW7PZATA5R;
				INFOPLIST_FILE = JYVideoEditor/Info.plist;
				IPHONEOS_DEPLOYMENT_TARGET = 10.0;
				LD_RUNPATH_SEARCH_PATHS = (
					"$(inherited)",
					"@executable_path/Frameworks",
				);
				PRODUCT_BUNDLE_IDENTIFIER = com.zjy.JYVideoEditor;
				PRODUCT_NAME = "$(TARGET_NAME)";
				SWIFT_VERSION = 5.0;
				TARGETED_DEVICE_FAMILY = 1;
			};
			name = Debug;
		};
		E0D64BCF25DF5ACE000196CA /* Release */ = {
			isa = XCBuildConfiguration;
			buildSettings = {
				ASSETCATALOG_COMPILER_APPICON_NAME = AppIcon;
				ASSETCATALOG_COMPILER_GLOBAL_ACCENT_COLOR_NAME = AccentColor;
				CODE_SIGN_STYLE = Automatic;
				DEVELOPMENT_TEAM = AW7PZATA5R;
				INFOPLIST_FILE = JYVideoEditor/Info.plist;
				IPHONEOS_DEPLOYMENT_TARGET = 10.0;
				LD_RUNPATH_SEARCH_PATHS = (
					"$(inherited)",
					"@executable_path/Frameworks",
				);
				PRODUCT_BUNDLE_IDENTIFIER = com.zjy.JYVideoEditor;
				PRODUCT_NAME = "$(TARGET_NAME)";
				SWIFT_VERSION = 5.0;
				TARGETED_DEVICE_FAMILY = 1;
			};
			name = Release;
		};
/* End XCBuildConfiguration section */

/* Begin XCConfigurationList section */
		E0D64BB425DF5ACC000196CA /* Build configuration list for PBXProject "JYVideoEditor" */ = {
			isa = XCConfigurationList;
			buildConfigurations = (
				E0D64BCB25DF5ACE000196CA /* Debug */,
				E0D64BCC25DF5ACE000196CA /* Release */,
			);
			defaultConfigurationIsVisible = 0;
			defaultConfigurationName = Release;
		};
		E0D64BCD25DF5ACE000196CA /* Build configuration list for PBXNativeTarget "JYVideoEditor" */ = {
			isa = XCConfigurationList;
			buildConfigurations = (
				E0D64BCE25DF5ACE000196CA /* Debug */,
				E0D64BCF25DF5ACE000196CA /* Release */,
			);
			defaultConfigurationIsVisible = 0;
			defaultConfigurationName = Release;
		};
/* End XCConfigurationList section */
	};
	rootObject = E0D64BB125DF5ACC000196CA /* Project object */;
}
